
Microsoft Visual Studio Solution File, Format Version 12.00
# Visual Studio Version 17
VisualStudioVersion = 17.9.34616.47
MinimumVisualStudioVersion = 10.0.40219.1
Project("{FAE04EC0-301F-11D3-BF4B-00C04F79EFBC}") = "ConsoleApp1", "ConsoleApp1\ConsoleApp1.csproj", "{B5191847-30AF-4AAE-B96A-E0D969EED006}"
EndProject
Global
	GlobalSection(SolutionConfigurationPlatforms) = preSolution
		Debug|Any CPU = Debug|Any CPU
		Release|Any CPU = Release|Any CPU
	EndGlobalSection
	GlobalSection(ProjectConfigurationPlatforms) = postSolution
		{B5191847-30AF-4AAE-B96A-E0D969EED006}.Debug|Any CPU.ActiveCfg = Debug|Any CPU
		{B5191847-30AF-4AAE-B96A-E0D969EED006}.Debug|Any CPU.Build.0 = Debug|Any CPU
		{B5191847-30AF-4AAE-B96A-E0D969EED006}.Release|Any CPU.ActiveCfg = Release|Any CPU
		{B5191847-30AF-4AAE-B96A-E0D969EED006}.Release|Any CPU.Build.0 = Release|Any CPU
	EndGlobalSection
	GlobalSection(SolutionProperties) = preSolution
		HideSolutionNode = FALSE
	EndGlobalSection
	GlobalSection(ExtensibilityGlobals) = postSolution
		SolutionGuid = {B51FE9DE-3C2B-4F82-B2DA-CC314954B0C7}
	EndGlobalSection
EndGlobal
